
Microsoft Visual Studio Solution File, Format Version 12.00
# Visual Studio Version 16
VisualStudioVersion = 16.0.30128.74
MinimumVisualStudioVersion = 10.0.40219.1
Project("{FAE04EC0-301F-11D3-BF4B-00C04F79EFBC}") = "Weather.Agent.Web.Api", "Weather.Agent.Web.Api\Weather.Agent.Web.Api.csproj", "{C57E9B1A-B2D1-4B88-8846-F9D327C46717}"
EndProject
Global
	GlobalSection(SolutionConfigurationPlatforms) = preSolution
		Debug|Any CPU = Debug|Any CPU
		Release|Any CPU = Release|Any CPU
	EndGlobalSection
	GlobalSection(ProjectConfigurationPlatforms) = postSolution
		{C57E9B1A-B2D1-4B88-8846-F9D327C46717}.Debug|Any CPU.ActiveCfg = Debug|Any CPU
		{C57E9B1A-B2D1-4B88-8846-F9D327C46717}.Debug|Any CPU.Build.0 = Debug|Any CPU
		{C57E9B1A-B2D1-4B88-8846-F9D327C46717}.Release|Any CPU.ActiveCfg = Release|Any CPU
		{C57E9B1A-B2D1-4B88-8846-F9D327C46717}.Release|Any CPU.Build.0 = Release|Any CPU
	EndGlobalSection
	GlobalSection(SolutionProperties) = preSolution
		HideSolutionNode = FALSE
	EndGlobalSection
	GlobalSection(ExtensibilityGlobals) = postSolution
		SolutionGuid = {6D266FC2-60D2-44FD-9D8C-C0AE36A1258E}
	EndGlobalSection
EndGlobal
